// !$*UTF8*$!
{
	archiveVersion = 1;
	classes = {
	};
	objectVersion = 46;
	objects = {

/* Begin PBXBuildFile section */
		571EAB0C1E660AB500CF2947 /* AppDelegate.swift in Sources */ = {isa = PBXBuildFile; fileRef = 571EAB0B1E660AB500CF2947 /* AppDelegate.swift */; };
		571EAB0E1E660AB500CF2947 /* ViewController.swift in Sources */ = {isa = PBXBuildFile; fileRef = 571EAB0D1E660AB500CF2947 /* ViewController.swift */; };
		571EAB131E660AB500CF2947 /* Assets.xcassets in Resources */ = {isa = PBXBuildFile; fileRef = 571EAB121E660AB500CF2947 /* Assets.xcassets */; };
		571EAB161E660AB500CF2947 /* LaunchScreen.storyboard in Resources */ = {isa = PBXBuildFile; fileRef = 571EAB141E660AB500CF2947 /* LaunchScreen.storyboard */; };
		571EAB221E660C6100CF2947 /* APIRequestManager.swift in Sources */ = {isa = PBXBuildFile; fileRef = 571EAB211E660C6100CF2947 /* APIRequestManager.swift */; };
		571EAB241E66156500CF2947 /* NavigationMapViewController.swift in Sources */ = {isa = PBXBuildFile; fileRef = 571EAB231E66156500CF2947 /* NavigationMapViewController.swift */; };
		571EAB261E66212200CF2947 /* GoogleService-Info.plist in Resources */ = {isa = PBXBuildFile; fileRef = 571EAB251E66212200CF2947 /* GoogleService-Info.plist */; };
		571EAB281E676FEB00CF2947 /* MenuViewController.swift in Sources */ = {isa = PBXBuildFile; fileRef = 571EAB271E676FEB00CF2947 /* MenuViewController.swift */; };
		571EAB2B1E67707000CF2947 /* Utility.swift in Sources */ = {isa = PBXBuildFile; fileRef = 571EAB2A1E67707000CF2947 /* Utility.swift */; };
		8760BC449F0D75C72A7B2E0A /* Pods_Navty.framework in Frameworks */ = {isa = PBXBuildFile; fileRef = B7EBBAD5C9BF677F2296C6CA /* Pods_Navty.framework */; };
		A20CA9211E663AC7007D5154 /* CrimeData.swift in Sources */ = {isa = PBXBuildFile; fileRef = A20CA9201E663AC7007D5154 /* CrimeData.swift */; };
		A20CA9231E663AFF007D5154 /* CrimeTableViewController.swift in Sources */ = {isa = PBXBuildFile; fileRef = A20CA9221E663AFF007D5154 /* CrimeTableViewController.swift */; };
		A20CA9251E672565007D5154 /* GoogleDirections.swift in Sources */ = {isa = PBXBuildFile; fileRef = A20CA9241E672565007D5154 /* GoogleDirections.swift */; };
		B946DE7E1E689C40002E399D /* OnboardViewController.swift in Sources */ = {isa = PBXBuildFile; fileRef = B946DE7D1E689C40002E399D /* OnboardViewController.swift */; };
/* End PBXBuildFile section */

/* Begin PBXFileReference section */
		571EAB081E660AB500CF2947 /* Navty.app */ = {isa = PBXFileReference; explicitFileType = wrapper.application; includeInIndex = 0; path = Navty.app; sourceTree = BUILT_PRODUCTS_DIR; };
		571EAB0B1E660AB500CF2947 /* AppDelegate.swift */ = {isa = PBXFileReference; lastKnownFileType = sourcecode.swift; path = AppDelegate.swift; sourceTree = "<group>"; };
		571EAB0D1E660AB500CF2947 /* ViewController.swift */ = {isa = PBXFileReference; lastKnownFileType = sourcecode.swift; path = ViewController.swift; sourceTree = "<group>"; };
		571EAB121E660AB500CF2947 /* Assets.xcassets */ = {isa = PBXFileReference; lastKnownFileType = folder.assetcatalog; path = Assets.xcassets; sourceTree = "<group>"; };
		571EAB151E660AB500CF2947 /* Base */ = {isa = PBXFileReference; lastKnownFileType = file.storyboard; name = Base; path = Base.lproj/LaunchScreen.storyboard; sourceTree = "<group>"; };
		571EAB171E660AB500CF2947 /* Info.plist */ = {isa = PBXFileReference; lastKnownFileType = text.plist.xml; path = Info.plist; sourceTree = "<group>"; };
		571EAB211E660C6100CF2947 /* APIRequestManager.swift */ = {isa = PBXFileReference; fileEncoding = 4; lastKnownFileType = sourcecode.swift; path = APIRequestManager.swift; sourceTree = "<group>"; };
		571EAB231E66156500CF2947 /* NavigationMapViewController.swift */ = {isa = PBXFileReference; fileEncoding = 4; lastKnownFileType = sourcecode.swift; path = NavigationMapViewController.swift; sourceTree = "<group>"; };
		571EAB251E66212200CF2947 /* GoogleService-Info.plist */ = {isa = PBXFileReference; fileEncoding = 4; lastKnownFileType = text.plist.xml; path = "GoogleService-Info.plist"; sourceTree = "<group>"; };
		571EAB271E676FEB00CF2947 /* MenuViewController.swift */ = {isa = PBXFileReference; fileEncoding = 4; lastKnownFileType = sourcecode.swift; path = MenuViewController.swift; sourceTree = "<group>"; };
		571EAB2A1E67707000CF2947 /* Utility.swift */ = {isa = PBXFileReference; fileEncoding = 4; lastKnownFileType = sourcecode.swift; path = Utility.swift; sourceTree = "<group>"; };
		670CBCE9CCC29047B70483DB /* Pods-Navty.debug.xcconfig */ = {isa = PBXFileReference; includeInIndex = 1; lastKnownFileType = text.xcconfig; name = "Pods-Navty.debug.xcconfig"; path = "Pods/Target Support Files/Pods-Navty/Pods-Navty.debug.xcconfig"; sourceTree = "<group>"; };
		A20CA9201E663AC7007D5154 /* CrimeData.swift */ = {isa = PBXFileReference; fileEncoding = 4; lastKnownFileType = sourcecode.swift; path = CrimeData.swift; sourceTree = "<group>"; };
		A20CA9221E663AFF007D5154 /* CrimeTableViewController.swift */ = {isa = PBXFileReference; fileEncoding = 4; lastKnownFileType = sourcecode.swift; path = CrimeTableViewController.swift; sourceTree = "<group>"; };
		A20CA9241E672565007D5154 /* GoogleDirections.swift */ = {isa = PBXFileReference; fileEncoding = 4; lastKnownFileType = sourcecode.swift; path = GoogleDirections.swift; sourceTree = "<group>"; };
		A8F80816261FB17679C51DE6 /* Pods-Navty.release.xcconfig */ = {isa = PBXFileReference; includeInIndex = 1; lastKnownFileType = text.xcconfig; name = "Pods-Navty.release.xcconfig"; path = "Pods/Target Support Files/Pods-Navty/Pods-Navty.release.xcconfig"; sourceTree = "<group>"; };
		B7EBBAD5C9BF677F2296C6CA /* Pods_Navty.framework */ = {isa = PBXFileReference; explicitFileType = wrapper.framework; includeInIndex = 0; path = Pods_Navty.framework; sourceTree = BUILT_PRODUCTS_DIR; };
		B946DE7D1E689C40002E399D /* OnboardViewController.swift */ = {isa = PBXFileReference; fileEncoding = 4; lastKnownFileType = sourcecode.swift; path = OnboardViewController.swift; sourceTree = "<group>"; };
/* End PBXFileReference section */

/* Begin PBXFrameworksBuildPhase section */
		571EAB051E660AB500CF2947 /* Frameworks */ = {
			isa = PBXFrameworksBuildPhase;
			buildActionMask = 2147483647;
			files = (
				8760BC449F0D75C72A7B2E0A /* Pods_Navty.framework in Frameworks */,
			);
			runOnlyForDeploymentPostprocessing = 0;
		};
/* End PBXFrameworksBuildPhase section */

/* Begin PBXGroup section */
		2ACE798E35385188C6257AB4 /* Pods */ = {
			isa = PBXGroup;
			children = (
				670CBCE9CCC29047B70483DB /* Pods-Navty.debug.xcconfig */,
				A8F80816261FB17679C51DE6 /* Pods-Navty.release.xcconfig */,
			);
			name = Pods;
			sourceTree = "<group>";
		};
		571EAAFF1E660AB500CF2947 = {
			isa = PBXGroup;
			children = (
				571EAB0A1E660AB500CF2947 /* Navty */,
				571EAB091E660AB500CF2947 /* Products */,
				2ACE798E35385188C6257AB4 /* Pods */,
				BF7C8D478F19C940625F8A87 /* Frameworks */,
			);
			sourceTree = "<group>";
		};
		571EAB091E660AB500CF2947 /* Products */ = {
			isa = PBXGroup;
			children = (
				571EAB081E660AB500CF2947 /* Navty.app */,
			);
			name = Products;
			sourceTree = "<group>";
		};
		571EAB0A1E660AB500CF2947 /* Navty */ = {
			isa = PBXGroup;
			children = (
				571EAB291E67706000CF2947 /* Color Scheme */,
				571EAB201E660BCA00CF2947 /* API Request */,
				571EAB1F1E660BAD00CF2947 /* Model */,
				571EAB1E1E660BA000CF2947 /* ViewControllers */,
				571EAB1D1E660B9600CF2947 /* Supporting Files */,
			);
			path = Navty;
			sourceTree = "<group>";
		};
		571EAB1D1E660B9600CF2947 /* Supporting Files */ = {
			isa = PBXGroup;
			children = (
				571EAB0B1E660AB500CF2947 /* AppDelegate.swift */,
				571EAB121E660AB500CF2947 /* Assets.xcassets */,
				571EAB141E660AB500CF2947 /* LaunchScreen.storyboard */,
				571EAB171E660AB500CF2947 /* Info.plist */,
				571EAB251E66212200CF2947 /* GoogleService-Info.plist */,
			);
			name = "Supporting Files";
			sourceTree = "<group>";
		};
		571EAB1E1E660BA000CF2947 /* ViewControllers */ = {
			isa = PBXGroup;
			children = (
				571EAB0D1E660AB500CF2947 /* ViewController.swift */,
				571EAB231E66156500CF2947 /* NavigationMapViewController.swift */,
				A20CA9221E663AFF007D5154 /* CrimeTableViewController.swift */,
				571EAB271E676FEB00CF2947 /* MenuViewController.swift */,
				B946DE7D1E689C40002E399D /* OnboardViewController.swift */,
			);
			name = ViewControllers;
			sourceTree = "<group>";
		};
		571EAB1F1E660BAD00CF2947 /* Model */ = {
			isa = PBXGroup;
			children = (
				A20CA9201E663AC7007D5154 /* CrimeData.swift */,
				A20CA9241E672565007D5154 /* GoogleDirections.swift */,
			);
			name = Model;
			sourceTree = "<group>";
		};
		571EAB201E660BCA00CF2947 /* API Request */ = {
			isa = PBXGroup;
			children = (
				571EAB211E660C6100CF2947 /* APIRequestManager.swift */,
			);
			name = "API Request";
			sourceTree = "<group>";
		};
		571EAB291E67706000CF2947 /* Color Scheme */ = {
			isa = PBXGroup;
			children = (
				571EAB2A1E67707000CF2947 /* Utility.swift */,
			);
			name = "Color Scheme";
			sourceTree = "<group>";
		};
		BF7C8D478F19C940625F8A87 /* Frameworks */ = {
			isa = PBXGroup;
			children = (
				B7EBBAD5C9BF677F2296C6CA /* Pods_Navty.framework */,
			);
			name = Frameworks;
			sourceTree = "<group>";
		};
/* End PBXGroup section */

/* Begin PBXNativeTarget section */
		571EAB071E660AB500CF2947 /* Navty */ = {
			isa = PBXNativeTarget;
			buildConfigurationList = 571EAB1A1E660AB500CF2947 /* Build configuration list for PBXNativeTarget "Navty" */;
			buildPhases = (
				FC12D1B10630D4CE85541DF8 /* [CP] Check Pods Manifest.lock */,
				571EAB041E660AB500CF2947 /* Sources */,
				571EAB051E660AB500CF2947 /* Frameworks */,
				571EAB061E660AB500CF2947 /* Resources */,
				09B60AC106E363840382775E /* [CP] Embed Pods Frameworks */,
				F10A3828033E5135BB5E906E /* [CP] Copy Pods Resources */,
			);
			buildRules = (
			);
			dependencies = (
			);
			name = Navty;
			productName = Navty;
			productReference = 571EAB081E660AB500CF2947 /* Navty.app */;
			productType = "com.apple.product-type.application";
		};
/* End PBXNativeTarget section */

/* Begin PBXProject section */
		571EAB001E660AB500CF2947 /* Project object */ = {
			isa = PBXProject;
			attributes = {
				LastSwiftUpdateCheck = 0820;
				LastUpgradeCheck = 0820;
				ORGANIZATIONNAME = "Edward Anchundia";
				TargetAttributes = {
					571EAB071E660AB500CF2947 = {
						CreatedOnToolsVersion = 8.2.1;
						ProvisioningStyle = Automatic;
					};
				};
			};
			buildConfigurationList = 571EAB031E660AB500CF2947 /* Build configuration list for PBXProject "Navty" */;
			compatibilityVersion = "Xcode 3.2";
			developmentRegion = English;
			hasScannedForEncodings = 0;
			knownRegions = (
				en,
				Base,
			);
			mainGroup = 571EAAFF1E660AB500CF2947;
			productRefGroup = 571EAB091E660AB500CF2947 /* Products */;
			projectDirPath = "";
			projectRoot = "";
			targets = (
				571EAB071E660AB500CF2947 /* Navty */,
			);
		};
/* End PBXProject section */

/* Begin PBXResourcesBuildPhase section */
		571EAB061E660AB500CF2947 /* Resources */ = {
			isa = PBXResourcesBuildPhase;
			buildActionMask = 2147483647;
			files = (
				571EAB161E660AB500CF2947 /* LaunchScreen.storyboard in Resources */,
				571EAB261E66212200CF2947 /* GoogleService-Info.plist in Resources */,
				571EAB131E660AB500CF2947 /* Assets.xcassets in Resources */,
			);
			runOnlyForDeploymentPostprocessing = 0;
		};
/* End PBXResourcesBuildPhase section */

/* Begin PBXShellScriptBuildPhase section */
		09B60AC106E363840382775E /* [CP] Embed Pods Frameworks */ = {
			isa = PBXShellScriptBuildPhase;
			buildActionMask = 2147483647;
			files = (
			);
			inputPaths = (
			);
			name = "[CP] Embed Pods Frameworks";
			outputPaths = (
			);
			runOnlyForDeploymentPostprocessing = 0;
			shellPath = /bin/sh;
			shellScript = "\"${SRCROOT}/Pods/Target Support Files/Pods-Navty/Pods-Navty-frameworks.sh\"\n";
			showEnvVarsInLog = 0;
		};
		F10A3828033E5135BB5E906E /* [CP] Copy Pods Resources */ = {
			isa = PBXShellScriptBuildPhase;
			buildActionMask = 2147483647;
			files = (
			);
			inputPaths = (
			);
			name = "[CP] Copy Pods Resources";
			outputPaths = (
			);
			runOnlyForDeploymentPostprocessing = 0;
			shellPath = /bin/sh;
			shellScript = "\"${SRCROOT}/Pods/Target Support Files/Pods-Navty/Pods-Navty-resources.sh\"\n";
			showEnvVarsInLog = 0;
		};
		FC12D1B10630D4CE85541DF8 /* [CP] Check Pods Manifest.lock */ = {
			isa = PBXShellScriptBuildPhase;
			buildActionMask = 2147483647;
			files = (
			);
			inputPaths = (
			);
			name = "[CP] Check Pods Manifest.lock";
			outputPaths = (
			);
			runOnlyForDeploymentPostprocessing = 0;
			shellPath = /bin/sh;
			shellScript = "diff \"${PODS_ROOT}/../Podfile.lock\" \"${PODS_ROOT}/Manifest.lock\" > /dev/null\nif [ $? != 0 ] ; then\n    # print error to STDERR\n    echo \"error: The sandbox is not in sync with the Podfile.lock. Run 'pod install' or update your CocoaPods installation.\" >&2\n    exit 1\nfi\n";
			showEnvVarsInLog = 0;
		};
/* End PBXShellScriptBuildPhase section */

/* Begin PBXSourcesBuildPhase section */
		571EAB041E660AB500CF2947 /* Sources */ = {
			isa = PBXSourcesBuildPhase;
			buildActionMask = 2147483647;
			files = (
				B946DE7E1E689C40002E399D /* OnboardViewController.swift in Sources */,
				A20CA9231E663AFF007D5154 /* CrimeTableViewController.swift in Sources */,
				571EAB221E660C6100CF2947 /* APIRequestManager.swift in Sources */,
				571EAB2B1E67707000CF2947 /* Utility.swift in Sources */,
				571EAB0E1E660AB500CF2947 /* ViewController.swift in Sources */,
				A20CA9251E672565007D5154 /* GoogleDirections.swift in Sources */,
				A20CA9211E663AC7007D5154 /* CrimeData.swift in Sources */,
				571EAB0C1E660AB500CF2947 /* AppDelegate.swift in Sources */,
				571EAB241E66156500CF2947 /* NavigationMapViewController.swift in Sources */,
				571EAB281E676FEB00CF2947 /* MenuViewController.swift in Sources */,
			);
			runOnlyForDeploymentPostprocessing = 0;
		};
/* End PBXSourcesBuildPhase section */

/* Begin PBXVariantGroup section */
		571EAB141E660AB500CF2947 /* LaunchScreen.storyboard */ = {
			isa = PBXVariantGroup;
			children = (
				571EAB151E660AB500CF2947 /* Base */,
			);
			name = LaunchScreen.storyboard;
			sourceTree = "<group>";
		};
/* End PBXVariantGroup section */

/* Begin XCBuildConfiguration section */
		571EAB181E660AB500CF2947 /* Debug */ = {
			isa = XCBuildConfiguration;
			buildSettings = {
				ALWAYS_SEARCH_USER_PATHS = NO;
				CLANG_ANALYZER_NONNULL = YES;
				CLANG_CXX_LANGUAGE_STANDARD = "gnu++0x";
				CLANG_CXX_LIBRARY = "libc++";
				CLANG_ENABLE_MODULES = YES;
				CLANG_ENABLE_OBJC_ARC = YES;
				CLANG_WARN_BOOL_CONVERSION = YES;
				CLANG_WARN_CONSTANT_CONVERSION = YES;
				CLANG_WARN_DIRECT_OBJC_ISA_USAGE = YES_ERROR;
				CLANG_WARN_DOCUMENTATION_COMMENTS = YES;
				CLANG_WARN_EMPTY_BODY = YES;
				CLANG_WARN_ENUM_CONVERSION = YES;
				CLANG_WARN_INFINITE_RECURSION = YES;
				CLANG_WARN_INT_CONVERSION = YES;
				CLANG_WARN_OBJC_ROOT_CLASS = YES_ERROR;
				CLANG_WARN_SUSPICIOUS_MOVE = YES;
				CLANG_WARN_UNREACHABLE_CODE = YES;
				CLANG_WARN__DUPLICATE_METHOD_MATCH = YES;
				"CODE_SIGN_IDENTITY[sdk=iphoneos*]" = "iPhone Developer";
				COPY_PHASE_STRIP = NO;
				DEBUG_INFORMATION_FORMAT = dwarf;
				ENABLE_STRICT_OBJC_MSGSEND = YES;
				ENABLE_TESTABILITY = YES;
				GCC_C_LANGUAGE_STANDARD = gnu99;
				GCC_DYNAMIC_NO_PIC = NO;
				GCC_NO_COMMON_BLOCKS = YES;
				GCC_OPTIMIZATION_LEVEL = 0;
				GCC_PREPROCESSOR_DEFINITIONS = (
					"DEBUG=1",
					"$(inherited)",
				);
				GCC_WARN_64_TO_32_BIT_CONVERSION = YES;
				GCC_WARN_ABOUT_RETURN_TYPE = YES_ERROR;
				GCC_WARN_UNDECLARED_SELECTOR = YES;
				GCC_WARN_UNINITIALIZED_AUTOS = YES_AGGRESSIVE;
				GCC_WARN_UNUSED_FUNCTION = YES;
				GCC_WARN_UNUSED_VARIABLE = YES;
				IPHONEOS_DEPLOYMENT_TARGET = 10.2;
				MTL_ENABLE_DEBUG_INFO = YES;
				ONLY_ACTIVE_ARCH = YES;
				SDKROOT = iphoneos;
				SWIFT_ACTIVE_COMPILATION_CONDITIONS = DEBUG;
				SWIFT_OPTIMIZATION_LEVEL = "-Onone";
			};
			name = Debug;
		};
		571EAB191E660AB500CF2947 /* Release */ = {
			isa = XCBuildConfiguration;
			buildSettings = {
				ALWAYS_SEARCH_USER_PATHS = NO;
				CLANG_ANALYZER_NONNULL = YES;
				CLANG_CXX_LANGUAGE_STANDARD = "gnu++0x";
				CLANG_CXX_LIBRARY = "libc++";
				CLANG_ENABLE_MODULES = YES;
				CLANG_ENABLE_OBJC_ARC = YES;
				CLANG_WARN_BOOL_CONVERSION = YES;
				CLANG_WARN_CONSTANT_CONVERSION = YES;
				CLANG_WARN_DIRECT_OBJC_ISA_USAGE = YES_ERROR;
				CLANG_WARN_DOCUMENTATION_COMMENTS = YES;
				CLANG_WARN_EMPTY_BODY = YES;
				CLANG_WARN_ENUM_CONVERSION = YES;
				CLANG_WARN_INFINITE_RECURSION = YES;
				CLANG_WARN_INT_CONVERSION = YES;
				CLANG_WARN_OBJC_ROOT_CLASS = YES_ERROR;
				CLANG_WARN_SUSPICIOUS_MOVE = YES;
				CLANG_WARN_UNREACHABLE_CODE = YES;
				CLANG_WARN__DUPLICATE_METHOD_MATCH = YES;
				"CODE_SIGN_IDENTITY[sdk=iphoneos*]" = "iPhone Developer";
				COPY_PHASE_STRIP = NO;
				DEBUG_INFORMATION_FORMAT = "dwarf-with-dsym";
				ENABLE_NS_ASSERTIONS = NO;
				ENABLE_STRICT_OBJC_MSGSEND = YES;
				GCC_C_LANGUAGE_STANDARD = gnu99;
				GCC_NO_COMMON_BLOCKS = YES;
				GCC_WARN_64_TO_32_BIT_CONVERSION = YES;
				GCC_WARN_ABOUT_RETURN_TYPE = YES_ERROR;
				GCC_WARN_UNDECLARED_SELECTOR = YES;
				GCC_WARN_UNINITIALIZED_AUTOS = YES_AGGRESSIVE;
				GCC_WARN_UNUSED_FUNCTION = YES;
				GCC_WARN_UNUSED_VARIABLE = YES;
				IPHONEOS_DEPLOYMENT_TARGET = 10.2;
				MTL_ENABLE_DEBUG_INFO = NO;
				SDKROOT = iphoneos;
				SWIFT_OPTIMIZATION_LEVEL = "-Owholemodule";
				VALIDATE_PRODUCT = YES;
			};
			name = Release;
		};
		571EAB1B1E660AB500CF2947 /* Debug */ = {
			isa = XCBuildConfiguration;
			baseConfigurationReference = 670CBCE9CCC29047B70483DB /* Pods-Navty.debug.xcconfig */;
			buildSettings = {
				ASSETCATALOG_COMPILER_APPICON_NAME = AppIcon;
				INFOPLIST_FILE = Navty/Info.plist;
				LD_RUNPATH_SEARCH_PATHS = "$(inherited) @executable_path/Frameworks";
				PRODUCT_BUNDLE_IDENTIFIER = C4Q.Navty;
				PRODUCT_NAME = "$(TARGET_NAME)";
				SWIFT_VERSION = 3.0;
				TARGETED_DEVICE_FAMILY = "1,2";
			};
			name = Debug;
		};
		571EAB1C1E660AB500CF2947 /* Release */ = {
			isa = XCBuildConfiguration;
			baseConfigurationReference = A8F80816261FB17679C51DE6 /* Pods-Navty.release.xcconfig */;
			buildSettings = {
				ASSETCATALOG_COMPILER_APPICON_NAME = AppIcon;
				INFOPLIST_FILE = Navty/Info.plist;
				LD_RUNPATH_SEARCH_PATHS = "$(inherited) @executable_path/Frameworks";
				PRODUCT_BUNDLE_IDENTIFIER = C4Q.Navty;
				PRODUCT_NAME = "$(TARGET_NAME)";
				SWIFT_VERSION = 3.0;
				TARGETED_DEVICE_FAMILY = "1,2";
			};
			name = Release;
		};
/* End XCBuildConfiguration section */

/* Begin XCConfigurationList section */
		571EAB031E660AB500CF2947 /* Build configuration list for PBXProject "Navty" */ = {
			isa = XCConfigurationList;
			buildConfigurations = (
				571EAB181E660AB500CF2947 /* Debug */,
				571EAB191E660AB500CF2947 /* Release */,
			);
			defaultConfigurationIsVisible = 0;
			defaultConfigurationName = Release;
		};
		571EAB1A1E660AB500CF2947 /* Build configuration list for PBXNativeTarget "Navty" */ = {
			isa = XCConfigurationList;
			buildConfigurations = (
				571EAB1B1E660AB500CF2947 /* Debug */,
				571EAB1C1E660AB500CF2947 /* Release */,
			);
			defaultConfigurationIsVisible = 0;
			defaultConfigurationName = Release;
		};
/* End XCConfigurationList section */
	};
	rootObject = 571EAB001E660AB500CF2947 /* Project object */;
}
